// !$*UTF8*$!
{
	archiveVersion = 1;
	classes = {
	};
	objectVersion = 56;
	objects = {

/* Begin PBXBuildFile section */
		47D1350E290D12F9008CC2A8 /* AppleMobileApplicationApp.swift in Sources */ = {isa = PBXBuildFile; fileRef = 47D1350D290D12F9008CC2A8 /* AppleMobileApplicationApp.swift */; };
		47D13510290D12F9008CC2A8 /* ContentView.swift in Sources */ = {isa = PBXBuildFile; fileRef = 47D1350F290D12F9008CC2A8 /* ContentView.swift */; };
		47D13512290D12FA008CC2A8 /* Assets.xcassets in Resources */ = {isa = PBXBuildFile; fileRef = 47D13511290D12FA008CC2A8 /* Assets.xcassets */; };
		47D13515290D12FA008CC2A8 /* Preview Assets.xcassets in Resources */ = {isa = PBXBuildFile; fileRef = 47D13514290D12FA008CC2A8 /* Preview Assets.xcassets */; };
		47D1351F290D12FA008CC2A8 /* AppleMobileApplicationTests.swift in Sources */ = {isa = PBXBuildFile; fileRef = 47D1351E290D12FA008CC2A8 /* AppleMobileApplicationTests.swift */; };
		47D13529290D12FA008CC2A8 /* AppleMobileApplicationUITests.swift in Sources */ = {isa = PBXBuildFile; fileRef = 47D13528290D12FA008CC2A8 /* AppleMobileApplicationUITests.swift */; };
		47D1352B290D12FA008CC2A8 /* AppleMobileApplicationUITestsLaunchTests.swift in Sources */ = {isa = PBXBuildFile; fileRef = 47D1352A290D12FA008CC2A8 /* AppleMobileApplicationUITestsLaunchTests.swift */; };
/* End PBXBuildFile section */

/* Begin PBXContainerItemProxy section */
		47D1351B290D12FA008CC2A8 /* PBXContainerItemProxy */ = {
			isa = PBXContainerItemProxy;
			containerPortal = 47D13502290D12F9008CC2A8 /* Project object */;
			proxyType = 1;
			remoteGlobalIDString = 47D13509290D12F9008CC2A8;
			remoteInfo = AppleMobileApplication;
		};
		47D13525290D12FA008CC2A8 /* PBXContainerItemProxy */ = {
			isa = PBXContainerItemProxy;
			containerPortal = 47D13502290D12F9008CC2A8 /* Project object */;
			proxyType = 1;
			remoteGlobalIDString = 47D13509290D12F9008CC2A8;
			remoteInfo = AppleMobileApplication;
		};
/* End PBXContainerItemProxy section */

/* Begin PBXFileReference section */
		47D1350A290D12F9008CC2A8 /* AppleMobileApplication.app */ = {isa = PBXFileReference; explicitFileType = wrapper.application; includeInIndex = 0; path = AppleMobileApplication.app; sourceTree = BUILT_PRODUCTS_DIR; };
		47D1350D290D12F9008CC2A8 /* AppleMobileApplicationApp.swift */ = {isa = PBXFileReference; lastKnownFileType = sourcecode.swift; path = AppleMobileApplicationApp.swift; sourceTree = "<group>"; };
		47D1350F290D12F9008CC2A8 /* ContentView.swift */ = {isa = PBXFileReference; lastKnownFileType = sourcecode.swift; path = ContentView.swift; sourceTree = "<group>"; };
		47D13511290D12FA008CC2A8 /* Assets.xcassets */ = {isa = PBXFileReference; lastKnownFileType = folder.assetcatalog; path = Assets.xcassets; sourceTree = "<group>"; };
		47D13514290D12FA008CC2A8 /* Preview Assets.xcassets */ = {isa = PBXFileReference; lastKnownFileType = folder.assetcatalog; path = "Preview Assets.xcassets"; sourceTree = "<group>"; };
		47D1351A290D12FA008CC2A8 /* AppleMobileApplicationTests.xctest */ = {isa = PBXFileReference; explicitFileType = wrapper.cfbundle; includeInIndex = 0; path = AppleMobileApplicationTests.xctest; sourceTree = BUILT_PRODUCTS_DIR; };
		47D1351E290D12FA008CC2A8 /* AppleMobileApplicationTests.swift */ = {isa = PBXFileReference; lastKnownFileType = sourcecode.swift; path = AppleMobileApplicationTests.swift; sourceTree = "<group>"; };
		47D13524290D12FA008CC2A8 /* AppleMobileApplicationUITests.xctest */ = {isa = PBXFileReference; explicitFileType = wrapper.cfbundle; includeInIndex = 0; path = AppleMobileApplicationUITests.xctest; sourceTree = BUILT_PRODUCTS_DIR; };
		47D13528290D12FA008CC2A8 /* AppleMobileApplicationUITests.swift */ = {isa = PBXFileReference; lastKnownFileType = sourcecode.swift; path = AppleMobileApplicationUITests.swift; sourceTree = "<group>"; };
		47D1352A290D12FA008CC2A8 /* AppleMobileApplicationUITestsLaunchTests.swift */ = {isa = PBXFileReference; lastKnownFileType = sourcecode.swift; path = AppleMobileApplicationUITestsLaunchTests.swift; sourceTree = "<group>"; };
/* End PBXFileReference section */

/* Begin PBXFrameworksBuildPhase section */
		47D13507290D12F9008CC2A8 /* Frameworks */ = {
			isa = PBXFrameworksBuildPhase;
			buildActionMask = 2147483647;
			files = (
			);
			runOnlyForDeploymentPostprocessing = 0;
		};
		47D13517290D12FA008CC2A8 /* Frameworks */ = {
			isa = PBXFrameworksBuildPhase;
			buildActionMask = 2147483647;
			files = (
			);
			runOnlyForDeploymentPostprocessing = 0;
		};
		47D13521290D12FA008CC2A8 /* Frameworks */ = {
			isa = PBXFrameworksBuildPhase;
			buildActionMask = 2147483647;
			files = (
			);
			runOnlyForDeploymentPostprocessing = 0;
		};
/* End PBXFrameworksBuildPhase section */

/* Begin PBXGroup section */
		47D13501290D12F9008CC2A8 = {
			isa = PBXGroup;
			children = (
				47D1350C290D12F9008CC2A8 /* AppleMobileApplication */,
				47D1351D290D12FA008CC2A8 /* AppleMobileApplicationTests */,
				47D13527290D12FA008CC2A8 /* AppleMobileApplicationUITests */,
				47D1350B290D12F9008CC2A8 /* Products */,
			);
			sourceTree = "<group>";
		};
		47D1350B290D12F9008CC2A8 /* Products */ = {
			isa = PBXGroup;
			children = (
				47D1350A290D12F9008CC2A8 /* AppleMobileApplication.app */,
				47D1351A290D12FA008CC2A8 /* AppleMobileApplicationTests.xctest */,
				47D13524290D12FA008CC2A8 /* AppleMobileApplicationUITests.xctest */,
			);
			name = Products;
			sourceTree = "<group>";
		};
		47D1350C290D12F9008CC2A8 /* AppleMobileApplication */ = {
			isa = PBXGroup;
			children = (
				47D1350D290D12F9008CC2A8 /* AppleMobileApplicationApp.swift */,
				47D1350F290D12F9008CC2A8 /* ContentView.swift */,
				47D13511290D12FA008CC2A8 /* Assets.xcassets */,
				47D13513290D12FA008CC2A8 /* Preview Content */,
			);
			path = AppleMobileApplication;
			sourceTree = "<group>";
		};
		47D13513290D12FA008CC2A8 /* Preview Content */ = {
			isa = PBXGroup;
			children = (
				47D13514290D12FA008CC2A8 /* Preview Assets.xcassets */,
			);
			path = "Preview Content";
			sourceTree = "<group>";
		};
		47D1351D290D12FA008CC2A8 /* AppleMobileApplicationTests */ = {
			isa = PBXGroup;
			children = (
				47D1351E290D12FA008CC2A8 /* AppleMobileApplicationTests.swift */,
			);
			path = AppleMobileApplicationTests;
			sourceTree = "<group>";
		};
		47D13527290D12FA008CC2A8 /* AppleMobileApplicationUITests */ = {
			isa = PBXGroup;
			children = (
				47D13528290D12FA008CC2A8 /* AppleMobileApplicationUITests.swift */,
				47D1352A290D12FA008CC2A8 /* AppleMobileApplicationUITestsLaunchTests.swift */,
			);
			path = AppleMobileApplicationUITests;
			sourceTree = "<group>";
		};
/* End PBXGroup section */

/* Begin PBXNativeTarget section */
		47D13509290D12F9008CC2A8 /* AppleMobileApplication */ = {
			isa = PBXNativeTarget;
			buildConfigurationList = 47D1352E290D12FA008CC2A8 /* Build configuration list for PBXNativeTarget "AppleMobileApplication" */;
			buildPhases = (
				47D13506290D12F9008CC2A8 /* Sources */,
				47D13507290D12F9008CC2A8 /* Frameworks */,
				47D13508290D12F9008CC2A8 /* Resources */,
			);
			buildRules = (
			);
			dependencies = (
			);
			name = AppleMobileApplication;
			productName = AppleMobileApplication;
			productReference = 47D1350A290D12F9008CC2A8 /* AppleMobileApplication.app */;
			productType = "com.apple.product-type.application";
		};
		47D13519290D12FA008CC2A8 /* AppleMobileApplicationTests */ = {
			isa = PBXNativeTarget;
			buildConfigurationList = 47D13531290D12FA008CC2A8 /* Build configuration list for PBXNativeTarget "AppleMobileApplicationTests" */;
			buildPhases = (
				47D13516290D12FA008CC2A8 /* Sources */,
				47D13517290D12FA008CC2A8 /* Frameworks */,
				47D13518290D12FA008CC2A8 /* Resources */,
			);
			buildRules = (
			);
			dependencies = (
				47D1351C290D12FA008CC2A8 /* PBXTargetDependency */,
			);
			name = AppleMobileApplicationTests;
			productName = AppleMobileApplicationTests;
			productReference = 47D1351A290D12FA008CC2A8 /* AppleMobileApplicationTests.xctest */;
			productType = "com.apple.product-type.bundle.unit-test";
		};
		47D13523290D12FA008CC2A8 /* AppleMobileApplicationUITests */ = {
			isa = PBXNativeTarget;
			buildConfigurationList = 47D13534290D12FA008CC2A8 /* Build configuration list for PBXNativeTarget "AppleMobileApplicationUITests" */;
			buildPhases = (
				47D13520290D12FA008CC2A8 /* Sources */,
				47D13521290D12FA008CC2A8 /* Frameworks */,
				47D13522290D12FA008CC2A8 /* Resources */,
			);
			buildRules = (
			);
			dependencies = (
				47D13526290D12FA008CC2A8 /* PBXTargetDependency */,
			);
			name = AppleMobileApplicationUITests;
			productName = AppleMobileApplicationUITests;
			productReference = 47D13524290D12FA008CC2A8 /* AppleMobileApplicationUITests.xctest */;
			productType = "com.apple.product-type.bundle.ui-testing";
		};
/* End PBXNativeTarget section */

/* Begin PBXProject section */
		47D13502290D12F9008CC2A8 /* Project object */ = {
			isa = PBXProject;
			attributes = {
				BuildIndependentTargetsInParallel = 1;
				LastSwiftUpdateCheck = 1400;
				LastUpgradeCheck = 1400;
				TargetAttributes = {
					47D13509290D12F9008CC2A8 = {
						CreatedOnToolsVersion = 14.0.1;
					};
					47D13519290D12FA008CC2A8 = {
						CreatedOnToolsVersion = 14.0.1;
						TestTargetID = 47D13509290D12F9008CC2A8;
					};
					47D13523290D12FA008CC2A8 = {
						CreatedOnToolsVersion = 14.0.1;
						TestTargetID = 47D13509290D12F9008CC2A8;
					};
				};
			};
			buildConfigurationList = 47D13505290D12F9008CC2A8 /* Build configuration list for PBXProject "AppleMobileApplication" */;
			compatibilityVersion = "Xcode 14.0";
			developmentRegion = en;
			hasScannedForEncodings = 0;
			knownRegions = (
				en,
				Base,
			);
			mainGroup = 47D13501290D12F9008CC2A8;
			productRefGroup = 47D1350B290D12F9008CC2A8 /* Products */;
			projectDirPath = "";
			projectRoot = "";
			targets = (
				47D13509290D12F9008CC2A8 /* AppleMobileApplication */,
				47D13519290D12FA008CC2A8 /* AppleMobileApplicationTests */,
				47D13523290D12FA008CC2A8 /* AppleMobileApplicationUITests */,
			);
		};
/* End PBXProject section */

/* Begin PBXResourcesBuildPhase section */
		47D13508290D12F9008CC2A8 /* Resources */ = {
			isa = PBXResourcesBuildPhase;
			buildActionMask = 2147483647;
			files = (
				47D13515290D12FA008CC2A8 /* Preview Assets.xcassets in Resources */,
				47D13512290D12FA008CC2A8 /* Assets.xcassets in Resources */,
			);
			runOnlyForDeploymentPostprocessing = 0;
		};
		47D13518290D12FA008CC2A8 /* Resources */ = {
			isa = PBXResourcesBuildPhase;
			buildActionMask = 2147483647;
			files = (
			);
			runOnlyForDeploymentPostprocessing = 0;
		};
		47D13522290D12FA008CC2A8 /* Resources */ = {
			isa = PBXResourcesBuildPhase;
			buildActionMask = 2147483647;
			files = (
			);
			runOnlyForDeploymentPostprocessing = 0;
		};
/* End PBXResourcesBuildPhase section */

/* Begin PBXSourcesBuildPhase section */
		47D13506290D12F9008CC2A8 /* Sources */ = {
			isa = PBXSourcesBuildPhase;
			buildActionMask = 2147483647;
			files = (
				47D13510290D12F9008CC2A8 /* ContentView.swift in Sources */,
				47D1350E290D12F9008CC2A8 /* AppleMobileApplicationApp.swift in Sources */,
			);
			runOnlyForDeploymentPostprocessing = 0;
		};
		47D13516290D12FA008CC2A8 /* Sources */ = {
			isa = PBXSourcesBuildPhase;
			buildActionMask = 2147483647;
			files = (
				47D1351F290D12FA008CC2A8 /* AppleMobileApplicationTests.swift in Sources */,
			);
			runOnlyForDeploymentPostprocessing = 0;
		};
		47D13520290D12FA008CC2A8 /* Sources */ = {
			isa = PBXSourcesBuildPhase;
			buildActionMask = 2147483647;
			files = (
				47D1352B290D12FA008CC2A8 /* AppleMobileApplicationUITestsLaunchTests.swift in Sources */,
				47D13529290D12FA008CC2A8 /* AppleMobileApplicationUITests.swift in Sources */,
			);
			runOnlyForDeploymentPostprocessing = 0;
		};
/* End PBXSourcesBuildPhase section */

/* Begin PBXTargetDependency section */
		47D1351C290D12FA008CC2A8 /* PBXTargetDependency */ = {
			isa = PBXTargetDependency;
			target = 47D13509290D12F9008CC2A8 /* AppleMobileApplication */;
			targetProxy = 47D1351B290D12FA008CC2A8 /* PBXContainerItemProxy */;
		};
		47D13526290D12FA008CC2A8 /* PBXTargetDependency */ = {
			isa = PBXTargetDependency;
			target = 47D13509290D12F9008CC2A8 /* AppleMobileApplication */;
			targetProxy = 47D13525290D12FA008CC2A8 /* PBXContainerItemProxy */;
		};
/* End PBXTargetDependency section */

/* Begin XCBuildConfiguration section */
		47D1352C290D12FA008CC2A8 /* Debug */ = {
			isa = XCBuildConfiguration;
			buildSettings = {
				ALWAYS_SEARCH_USER_PATHS = NO;
				CLANG_ANALYZER_NONNULL = YES;
				CLANG_ANALYZER_NUMBER_OBJECT_CONVERSION = YES_AGGRESSIVE;
				CLANG_CXX_LANGUAGE_STANDARD = "gnu++20";
				CLANG_ENABLE_MODULES = YES;
				CLANG_ENABLE_OBJC_ARC = YES;
				CLANG_ENABLE_OBJC_WEAK = YES;
				CLANG_WARN_BLOCK_CAPTURE_AUTORELEASING = YES;
				CLANG_WARN_BOOL_CONVERSION = YES;
				CLANG_WARN_COMMA = YES;
				CLANG_WARN_CONSTANT_CONVERSION = YES;
				CLANG_WARN_DEPRECATED_OBJC_IMPLEMENTATIONS = YES;
				CLANG_WARN_DIRECT_OBJC_ISA_USAGE = YES_ERROR;
				CLANG_WARN_DOCUMENTATION_COMMENTS = YES;
				CLANG_WARN_EMPTY_BODY = YES;
				CLANG_WARN_ENUM_CONVERSION = YES;
				CLANG_WARN_INFINITE_RECURSION = YES;
				CLANG_WARN_INT_CONVERSION = YES;
				CLANG_WARN_NON_LITERAL_NULL_CONVERSION = YES;
				CLANG_WARN_OBJC_IMPLICIT_RETAIN_SELF = YES;
				CLANG_WARN_OBJC_LITERAL_CONVERSION = YES;
				CLANG_WARN_OBJC_ROOT_CLASS = YES_ERROR;
				CLANG_WARN_QUOTED_INCLUDE_IN_FRAMEWORK_HEADER = YES;
				CLANG_WARN_RANGE_LOOP_ANALYSIS = YES;
				CLANG_WARN_STRICT_PROTOTYPES = YES;
				CLANG_WARN_SUSPICIOUS_MOVE = YES;
				CLANG_WARN_UNGUARDED_AVAILABILITY = YES_AGGRESSIVE;
				CLANG_WARN_UNREACHABLE_CODE = YES;
				CLANG_WARN__DUPLICATE_METHOD_MATCH = YES;
				COPY_PHASE_STRIP = NO;
				DEBUG_INFORMATION_FORMAT = dwarf;
				ENABLE_STRICT_OBJC_MSGSEND = YES;
				ENABLE_TESTABILITY = YES;
				GCC_C_LANGUAGE_STANDARD = gnu11;
				GCC_DYNAMIC_NO_PIC = NO;
				GCC_NO_COMMON_BLOCKS = YES;
				GCC_OPTIMIZATION_LEVEL = 0;
				GCC_PREPROCESSOR_DEFINITIONS = (
					"DEBUG=1",
					"$(inherited)",
				);
				GCC_WARN_64_TO_32_BIT_CONVERSION = YES;
				GCC_WARN_ABOUT_RETURN_TYPE = YES_ERROR;
				GCC_WARN_UNDECLARED_SELECTOR = YES;
				GCC_WARN_UNINITIALIZED_AUTOS = YES_AGGRESSIVE;
				GCC_WARN_UNUSED_FUNCTION = YES;
				GCC_WARN_UNUSED_VARIABLE = YES;
				IPHONEOS_DEPLOYMENT_TARGET = 16.0;
				MTL_ENABLE_DEBUG_INFO = INCLUDE_SOURCE;
				MTL_FAST_MATH = YES;
				ONLY_ACTIVE_ARCH = YES;
				SDKROOT = iphoneos;
				SWIFT_ACTIVE_COMPILATION_CONDITIONS = DEBUG;
				SWIFT_OPTIMIZATION_LEVEL = "-Onone";
			};
			name = Debug;
		};
		47D1352D290D12FA008CC2A8 /* Release */ = {
			isa = XCBuildConfiguration;
			buildSettings = {
				ALWAYS_SEARCH_USER_PATHS = NO;
				CLANG_ANALYZER_NONNULL = YES;
				CLANG_ANALYZER_NUMBER_OBJECT_CONVERSION = YES_AGGRESSIVE;
				CLANG_CXX_LANGUAGE_STANDARD = "gnu++20";
				CLANG_ENABLE_MODULES = YES;
				CLANG_ENABLE_OBJC_ARC = YES;
				CLANG_ENABLE_OBJC_WEAK = YES;
				CLANG_WARN_BLOCK_CAPTURE_AUTORELEASING = YES;
				CLANG_WARN_BOOL_CONVERSION = YES;
				CLANG_WARN_COMMA = YES;
				CLANG_WARN_CONSTANT_CONVERSION = YES;
				CLANG_WARN_DEPRECATED_OBJC_IMPLEMENTATIONS = YES;
				CLANG_WARN_DIRECT_OBJC_ISA_USAGE = YES_ERROR;
				CLANG_WARN_DOCUMENTATION_COMMENTS = YES;
				CLANG_WARN_EMPTY_BODY = YES;
				CLANG_WARN_ENUM_CONVERSION = YES;
				CLANG_WARN_INFINITE_RECURSION = YES;
				CLANG_WARN_INT_CONVERSION = YES;
				CLANG_WARN_NON_LITERAL_NULL_CONVERSION = YES;
				CLANG_WARN_OBJC_IMPLICIT_RETAIN_SELF = YES;
				CLANG_WARN_OBJC_LITERAL_CONVERSION = YES;
				CLANG_WARN_OBJC_ROOT_CLASS = YES_ERROR;
				CLANG_WARN_QUOTED_INCLUDE_IN_FRAMEWORK_HEADER = YES;
				CLANG_WARN_RANGE_LOOP_ANALYSIS = YES;
				CLANG_WARN_STRICT_PROTOTYPES = YES;
				CLANG_WARN_SUSPICIOUS_MOVE = YES;
				CLANG_WARN_UNGUARDED_AVAILABILITY = YES_AGGRESSIVE;
				CLANG_WARN_UNREACHABLE_CODE = YES;
				CLANG_WARN__DUPLICATE_METHOD_MATCH = YES;
				COPY_PHASE_STRIP = NO;
				DEBUG_INFORMATION_FORMAT = "dwarf-with-dsym";
				ENABLE_NS_ASSERTIONS = NO;
				ENABLE_STRICT_OBJC_MSGSEND = YES;
				GCC_C_LANGUAGE_STANDARD = gnu11;
				GCC_NO_COMMON_BLOCKS = YES;
				GCC_WARN_64_TO_32_BIT_CONVERSION = YES;
				GCC_WARN_ABOUT_RETURN_TYPE = YES_ERROR;
				GCC_WARN_UNDECLARED_SELECTOR = YES;
				GCC_WARN_UNINITIALIZED_AUTOS = YES_AGGRESSIVE;
				GCC_WARN_UNUSED_FUNCTION = YES;
				GCC_WARN_UNUSED_VARIABLE = YES;
				IPHONEOS_DEPLOYMENT_TARGET = 16.0;
				MTL_ENABLE_DEBUG_INFO = NO;
				MTL_FAST_MATH = YES;
				SDKROOT = iphoneos;
				SWIFT_COMPILATION_MODE = wholemodule;
				SWIFT_OPTIMIZATION_LEVEL = "-O";
				VALIDATE_PRODUCT = YES;
			};
			name = Release;
		};
		47D1352F290D12FA008CC2A8 /* Debug */ = {
			isa = XCBuildConfiguration;
			buildSettings = {
				ASSETCATALOG_COMPILER_APPICON_NAME = AppIcon;
				ASSETCATALOG_COMPILER_GLOBAL_ACCENT_COLOR_NAME = AccentColor;
				CODE_SIGN_STYLE = Automatic;
				CURRENT_PROJECT_VERSION = 1;
				DEVELOPMENT_ASSET_PATHS = "\"AppleMobileApplication/Preview Content\"";
				DEVELOPMENT_TEAM = PYFA3YTHTS;
				ENABLE_PREVIEWS = YES;
				GENERATE_INFOPLIST_FILE = YES;
				INFOPLIST_KEY_UIApplicationSceneManifest_Generation = YES;
				INFOPLIST_KEY_UIApplicationSupportsIndirectInputEvents = YES;
				INFOPLIST_KEY_UILaunchScreen_Generation = YES;
				INFOPLIST_KEY_UISupportedInterfaceOrientations_iPad = "UIInterfaceOrientationPortrait UIInterfaceOrientationPortraitUpsideDown UIInterfaceOrientationLandscapeLeft UIInterfaceOrientationLandscapeRight";
				INFOPLIST_KEY_UISupportedInterfaceOrientations_iPhone = "UIInterfaceOrientationPortrait UIInterfaceOrientationLandscapeLeft UIInterfaceOrientationLandscapeRight";
				LD_RUNPATH_SEARCH_PATHS = (
					"$(inherited)",
					"@executable_path/Frameworks",
				);
				MARKETING_VERSION = 1.0;
				PRODUCT_BUNDLE_IDENTIFIER = com.fleetingold.AppleMobileApplication;
				PRODUCT_NAME = "$(TARGET_NAME)";
				SWIFT_EMIT_LOC_STRINGS = YES;
				SWIFT_VERSION = 5.0;
				TARGETED_DEVICE_FAMILY = "1,2";
			};
			name = Debug;
		};
		47D13530290D12FA008CC2A8 /* Release */ = {
			isa = XCBuildConfiguration;
			buildSettings = {
				ASSETCATALOG_COMPILER_APPICON_NAME = AppIcon;
				ASSETCATALOG_COMPILER_GLOBAL_ACCENT_COLOR_NAME = AccentColor;
				CODE_SIGN_STYLE = Automatic;
				CURRENT_PROJECT_VERSION = 1;
				DEVELOPMENT_ASSET_PATHS = "\"AppleMobileApplication/Preview Content\"";
				DEVELOPMENT_TEAM = PYFA3YTHTS;
				ENABLE_PREVIEWS = YES;
				GENERATE_INFOPLIST_FILE = YES;
				INFOPLIST_KEY_UIApplicationSceneManifest_Generation = YES;
				INFOPLIST_KEY_UIApplicationSupportsIndirectInputEvents = YES;
				INFOPLIST_KEY_UILaunchScreen_Generation = YES;
				INFOPLIST_KEY_UISupportedInterfaceOrientations_iPad = "UIInterfaceOrientationPortrait UIInterfaceOrientationPortraitUpsideDown UIInterfaceOrientationLandscapeLeft UIInterfaceOrientationLandscapeRight";
				INFOPLIST_KEY_UISupportedInterfaceOrientations_iPhone = "UIInterfaceOrientationPortrait UIInterfaceOrientationLandscapeLeft UIInterfaceOrientationLandscapeRight";
				LD_RUNPATH_SEARCH_PATHS = (
					"$(inherited)",
					"@executable_path/Frameworks",
				);
				MARKETING_VERSION = 1.0;
				PRODUCT_BUNDLE_IDENTIFIER = com.fleetingold.AppleMobileApplication;
				PRODUCT_NAME = "$(TARGET_NAME)";
				SWIFT_EMIT_LOC_STRINGS = YES;
				SWIFT_VERSION = 5.0;
				TARGETED_DEVICE_FAMILY = "1,2";
			};
			name = Release;
		};
		47D13532290D12FA008CC2A8 /* Debug */ = {
			isa = XCBuildConfiguration;
			buildSettings = {
				ALWAYS_EMBED_SWIFT_STANDARD_LIBRARIES = YES;
				BUNDLE_LOADER = "$(TEST_HOST)";
				CODE_SIGN_STYLE = Automatic;
				CURRENT_PROJECT_VERSION = 1;
				DEVELOPMENT_TEAM = PYFA3YTHTS;
				GENERATE_INFOPLIST_FILE = YES;
				IPHONEOS_DEPLOYMENT_TARGET = 16.0;
				MARKETING_VERSION = 1.0;
				PRODUCT_BUNDLE_IDENTIFIER = com.fleetingold.AppleMobileApplicationTests;
				PRODUCT_NAME = "$(TARGET_NAME)";
				SWIFT_EMIT_LOC_STRINGS = NO;
				SWIFT_VERSION = 5.0;
				TARGETED_DEVICE_FAMILY = "1,2";
				TEST_HOST = "$(BUILT_PRODUCTS_DIR)/AppleMobileApplication.app/$(BUNDLE_EXECUTABLE_FOLDER_PATH)/AppleMobileApplication";
			};
			name = Debug;
		};
		47D13533290D12FA008CC2A8 /* Release */ = {
			isa = XCBuildConfiguration;
			buildSettings = {
				ALWAYS_EMBED_SWIFT_STANDARD_LIBRARIES = YES;
				BUNDLE_LOADER = "$(TEST_HOST)";
				CODE_SIGN_STYLE = Automatic;
				CURRENT_PROJECT_VERSION = 1;
				DEVELOPMENT_TEAM = PYFA3YTHTS;
				GENERATE_INFOPLIST_FILE = YES;
				IPHONEOS_DEPLOYMENT_TARGET = 16.0;
				MARKETING_VERSION = 1.0;
				PRODUCT_BUNDLE_IDENTIFIER = com.fleetingold.AppleMobileApplicationTests;
				PRODUCT_NAME = "$(TARGET_NAME)";
				SWIFT_EMIT_LOC_STRINGS = NO;
				SWIFT_VERSION = 5.0;
				TARGETED_DEVICE_FAMILY = "1,2";
				TEST_HOST = "$(BUILT_PRODUCTS_DIR)/AppleMobileApplication.app/$(BUNDLE_EXECUTABLE_FOLDER_PATH)/AppleMobileApplication";
			};
			name = Release;
		};
		47D13535290D12FA008CC2A8 /* Debug */ = {
			isa = XCBuildConfiguration;
			buildSettings = {
				ALWAYS_EMBED_SWIFT_STANDARD_LIBRARIES = YES;
				CODE_SIGN_STYLE = Automatic;
				CURRENT_PROJECT_VERSION = 1;
				DEVELOPMENT_TEAM = PYFA3YTHTS;
				GENERATE_INFOPLIST_FILE = YES;
				MARKETING_VERSION = 1.0;
				PRODUCT_BUNDLE_IDENTIFIER = com.fleetingold.AppleMobileApplicationUITests;
				PRODUCT_NAME = "$(TARGET_NAME)";
				SWIFT_EMIT_LOC_STRINGS = NO;
				SWIFT_VERSION = 5.0;
				TARGETED_DEVICE_FAMILY = "1,2";
				TEST_TARGET_NAME = AppleMobileApplication;
			};
			name = Debug;
		};
		47D13536290D12FA008CC2A8 /* Release */ = {
			isa = XCBuildConfiguration;
			buildSettings = {
				ALWAYS_EMBED_SWIFT_STANDARD_LIBRARIES = YES;
				CODE_SIGN_STYLE = Automatic;
				CURRENT_PROJECT_VERSION = 1;
				DEVELOPMENT_TEAM = PYFA3YTHTS;
				GENERATE_INFOPLIST_FILE = YES;
				MARKETING_VERSION = 1.0;
				PRODUCT_BUNDLE_IDENTIFIER = com.fleetingold.AppleMobileApplicationUITests;
				PRODUCT_NAME = "$(TARGET_NAME)";
				SWIFT_EMIT_LOC_STRINGS = NO;
				SWIFT_VERSION = 5.0;
				TARGETED_DEVICE_FAMILY = "1,2";
				TEST_TARGET_NAME = AppleMobileApplication;
			};
			name = Release;
		};
/* End XCBuildConfiguration section */

/* Begin XCConfigurationList section */
		47D13505290D12F9008CC2A8 /* Build configuration list for PBXProject "AppleMobileApplication" */ = {
			isa = XCConfigurationList;
			buildConfigurations = (
				47D1352C290D12FA008CC2A8 /* Debug */,
				47D1352D290D12FA008CC2A8 /* Release */,
			);
			defaultConfigurationIsVisible = 0;
			defaultConfigurationName = Release;
		};
		47D1352E290D12FA008CC2A8 /* Build configuration list for PBXNativeTarget "AppleMobileApplication" */ = {
			isa = XCConfigurationList;
			buildConfigurations = (
				47D1352F290D12FA008CC2A8 /* Debug */,
				47D13530290D12FA008CC2A8 /* Release */,
			);
			defaultConfigurationIsVisible = 0;
			defaultConfigurationName = Release;
		};
		47D13531290D12FA008CC2A8 /* Build configuration list for PBXNativeTarget "AppleMobileApplicationTests" */ = {
			isa = XCConfigurationList;
			buildConfigurations = (
				47D13532290D12FA008CC2A8 /* Debug */,
				47D13533290D12FA008CC2A8 /* Release */,
			);
			defaultConfigurationIsVisible = 0;
			defaultConfigurationName = Release;
		};
		47D13534290D12FA008CC2A8 /* Build configuration list for PBXNativeTarget "AppleMobileApplicationUITests" */ = {
			isa = XCConfigurationList;
			buildConfigurations = (
				47D13535290D12FA008CC2A8 /* Debug */,
				47D13536290D12FA008CC2A8 /* Release */,
			);
			defaultConfigurationIsVisible = 0;
			defaultConfigurationName = Release;
		};
/* End XCConfigurationList section */
	};
	rootObject = 47D13502290D12F9008CC2A8 /* Project object */;
}
